
Microsoft Visual Studio Solution File, Format Version 12.00
# Visual Studio Version 16
VisualStudioVersion = 16.0.30907.101
MinimumVisualStudioVersion = 10.0.40219.1
Project("{FAE04EC0-301F-11D3-BF4B-00C04F79EFBC}") = "ArabaBilgileri", "ArabaBilgileri\ArabaBilgileri.csproj", "{FA4D4F36-1CF0-4105-85C1-9EF4A8A28781}"
EndProject
Global
	GlobalSection(SolutionConfigurationPlatforms) = preSolution
		Debug|Any CPU = Debug|Any CPU
		Release|Any CPU = Release|Any CPU
	EndGlobalSection
	GlobalSection(ProjectConfigurationPlatforms) = postSolution
		{FA4D4F36-1CF0-4105-85C1-9EF4A8A28781}.Debug|Any CPU.ActiveCfg = Debug|Any CPU
		{FA4D4F36-1CF0-4105-85C1-9EF4A8A28781}.Debug|Any CPU.Build.0 = Debug|Any CPU
		{FA4D4F36-1CF0-4105-85C1-9EF4A8A28781}.Release|Any CPU.ActiveCfg = Release|Any CPU
		{FA4D4F36-1CF0-4105-85C1-9EF4A8A28781}.Release|Any CPU.Build.0 = Release|Any CPU
	EndGlobalSection
	GlobalSection(SolutionProperties) = preSolution
		HideSolutionNode = FALSE
	EndGlobalSection
	GlobalSection(ExtensibilityGlobals) = postSolution
		SolutionGuid = {66F37145-E216-4007-AC9C-853ABF2CF23B}
	EndGlobalSection
EndGlobal
